
Microsoft Visual Studio Solution File, Format Version 12.00
# Visual Studio Version 16
VisualStudioVersion = 16.0.29613.14
MinimumVisualStudioVersion = 10.0.40219.1
Project("{FAE04EC0-301F-11D3-BF4B-00C04F79EFBC}") = "RollYourOwnCryptoWPF", "RollYourOwnCryptoWPF.csproj", "{EC5D93D8-043E-47D0-B729-EDDE373F5F69}"
EndProject
Global
	GlobalSection(SolutionConfigurationPlatforms) = preSolution
		Debug|Any CPU = Debug|Any CPU
		Release|Any CPU = Release|Any CPU
	EndGlobalSection
	GlobalSection(ProjectConfigurationPlatforms) = postSolution
		{EC5D93D8-043E-47D0-B729-EDDE373F5F69}.Debug|Any CPU.ActiveCfg = Debug|Any CPU
		{EC5D93D8-043E-47D0-B729-EDDE373F5F69}.Debug|Any CPU.Build.0 = Debug|Any CPU
		{EC5D93D8-043E-47D0-B729-EDDE373F5F69}.Release|Any CPU.ActiveCfg = Release|Any CPU
		{EC5D93D8-043E-47D0-B729-EDDE373F5F69}.Release|Any CPU.Build.0 = Release|Any CPU
	EndGlobalSection
	GlobalSection(SolutionProperties) = preSolution
		HideSolutionNode = FALSE
	EndGlobalSection
	GlobalSection(ExtensibilityGlobals) = postSolution
		SolutionGuid = {45EABA05-C8C8-46E6-832C-EBD17B23369D}
	EndGlobalSection
EndGlobal
